
Microsoft Visual Studio Solution File, Format Version 12.00
# Visual Studio Version 17
VisualStudioVersion = 17.9.34607.119
MinimumVisualStudioVersion = 10.0.40219.1
Project("{FAE04EC0-301F-11D3-BF4B-00C04F79EFBC}") = "CalculadoraEmCleanArc", "CalculadoraEmCleanArc\CalculadoraEmCleanArc.csproj", "{2CCC97D7-1445-41BE-A250-2641A241617C}"
EndProject
Project("{FAE04EC0-301F-11D3-BF4B-00C04F79EFBC}") = "Entities", "ConsoleApp1\Entities.csproj", "{2D6AD67A-380A-4EA3-912F-DDB7DB2CD84C}"
EndProject
Project("{FAE04EC0-301F-11D3-BF4B-00C04F79EFBC}") = "Aplication", "Aplication\Aplication.csproj", "{706A3014-9281-48EB-83D5-04A2A8CC491A}"
EndProject
Global
	GlobalSection(SolutionConfigurationPlatforms) = preSolution
		Debug|Any CPU = Debug|Any CPU
		Release|Any CPU = Release|Any CPU
	EndGlobalSection
	GlobalSection(ProjectConfigurationPlatforms) = postSolution
		{2CCC97D7-1445-41BE-A250-2641A241617C}.Debug|Any CPU.ActiveCfg = Debug|Any CPU
		{2CCC97D7-1445-41BE-A250-2641A241617C}.Debug|Any CPU.Build.0 = Debug|Any CPU
		{2CCC97D7-1445-41BE-A250-2641A241617C}.Release|Any CPU.ActiveCfg = Release|Any CPU
		{2CCC97D7-1445-41BE-A250-2641A241617C}.Release|Any CPU.Build.0 = Release|Any CPU
		{2D6AD67A-380A-4EA3-912F-DDB7DB2CD84C}.Debug|Any CPU.ActiveCfg = Debug|Any CPU
		{2D6AD67A-380A-4EA3-912F-DDB7DB2CD84C}.Debug|Any CPU.Build.0 = Debug|Any CPU
		{2D6AD67A-380A-4EA3-912F-DDB7DB2CD84C}.Release|Any CPU.ActiveCfg = Release|Any CPU
		{2D6AD67A-380A-4EA3-912F-DDB7DB2CD84C}.Release|Any CPU.Build.0 = Release|Any CPU
		{706A3014-9281-48EB-83D5-04A2A8CC491A}.Debug|Any CPU.ActiveCfg = Debug|Any CPU
		{706A3014-9281-48EB-83D5-04A2A8CC491A}.Debug|Any CPU.Build.0 = Debug|Any CPU
		{706A3014-9281-48EB-83D5-04A2A8CC491A}.Release|Any CPU.ActiveCfg = Release|Any CPU
		{706A3014-9281-48EB-83D5-04A2A8CC491A}.Release|Any CPU.Build.0 = Release|Any CPU
	EndGlobalSection
	GlobalSection(SolutionProperties) = preSolution
		HideSolutionNode = FALSE
	EndGlobalSection
	GlobalSection(ExtensibilityGlobals) = postSolution
		SolutionGuid = {4D7E99CF-2CD5-4136-B7E1-A06185832E43}
	EndGlobalSection
EndGlobal
